
Microsoft Visual Studio Solution File, Format Version 12.00
# 
Project("{2150E333-8FDC-42A3-9474-1A3956D46DE8}") = "src", "src", "{1777EA08-B672-42DB-8F5A-4C031326E2EF}"
EndProject
Project("{FAE04EC0-301F-11D3-BF4B-00C04F79EFBC}") = "ReelWords", "src\ReelWords\ReelWords.csproj", "{5380F710-0DA0-4197-9DD2-03255ABF0AB0}"
EndProject
Project("{2150E333-8FDC-42A3-9474-1A3956D46DE8}") = "tests", "tests", "{283E759A-3E1E-4A5F-B990-D24B966B6861}"
EndProject
Project("{FAE04EC0-301F-11D3-BF4B-00C04F79EFBC}") = "ReelWordsTests", "tests\ReelWordsTests\ReelWordsTests.csproj", "{BB7FE07F-B7C6-491C-BCAF-8DCE378461F1}"
EndProject
Project("{FAE04EC0-301F-11D3-BF4B-00C04F79EFBC}") = "ReelWords.CrossCutting", "src\ReelWords.CrossCutting\ReelWords.CrossCutting.csproj", "{B5C93475-6EA0-4B32-90B1-F5861226EC7C}"
EndProject
Project("{FAE04EC0-301F-11D3-BF4B-00C04F79EFBC}") = "ReelWords.Domain", "src\ReelWords.Domain\ReelWords.Domain.csproj", "{C5C60765-30E7-4CC1-B707-E9441250EC6F}"
EndProject
Project("{FAE04EC0-301F-11D3-BF4B-00C04F79EFBC}") = "ReelWords.CrossCutting.Tests", "tests\ReelWords.CrossCutting.Tests\ReelWords.CrossCutting.Tests.csproj", "{F54314B7-D9CB-41E0-B7E5-4A02817B8CAA}"
EndProject
Project("{FAE04EC0-301F-11D3-BF4B-00C04F79EFBC}") = "ReelWords.Domain.Tests", "tests\ReelWords.Domain.Tests\ReelWords.Domain.Tests.csproj", "{3F43045A-D8A3-405B-9371-9C0061391B93}"
EndProject
Global
	GlobalSection(SolutionConfigurationPlatforms) = preSolution
		Debug|Any CPU = Debug|Any CPU
		Debug|x64 = Debug|x64
		Debug|x86 = Debug|x86
		Release|Any CPU = Release|Any CPU
		Release|x64 = Release|x64
		Release|x86 = Release|x86
	EndGlobalSection
	GlobalSection(ProjectConfigurationPlatforms) = postSolution
		{5380F710-0DA0-4197-9DD2-03255ABF0AB0}.Debug|Any CPU.ActiveCfg = Debug|Any CPU
		{5380F710-0DA0-4197-9DD2-03255ABF0AB0}.Debug|Any CPU.Build.0 = Debug|Any CPU
		{5380F710-0DA0-4197-9DD2-03255ABF0AB0}.Debug|x64.ActiveCfg = Debug|Any CPU
		{5380F710-0DA0-4197-9DD2-03255ABF0AB0}.Debug|x64.Build.0 = Debug|Any CPU
		{5380F710-0DA0-4197-9DD2-03255ABF0AB0}.Debug|x86.ActiveCfg = Debug|Any CPU
		{5380F710-0DA0-4197-9DD2-03255ABF0AB0}.Debug|x86.Build.0 = Debug|Any CPU
		{5380F710-0DA0-4197-9DD2-03255ABF0AB0}.Release|Any CPU.ActiveCfg = Release|Any CPU
		{5380F710-0DA0-4197-9DD2-03255ABF0AB0}.Release|Any CPU.Build.0 = Release|Any CPU
		{5380F710-0DA0-4197-9DD2-03255ABF0AB0}.Release|x64.ActiveCfg = Release|Any CPU
		{5380F710-0DA0-4197-9DD2-03255ABF0AB0}.Release|x64.Build.0 = Release|Any CPU
		{5380F710-0DA0-4197-9DD2-03255ABF0AB0}.Release|x86.ActiveCfg = Release|Any CPU
		{5380F710-0DA0-4197-9DD2-03255ABF0AB0}.Release|x86.Build.0 = Release|Any CPU
		{BB7FE07F-B7C6-491C-BCAF-8DCE378461F1}.Debug|Any CPU.ActiveCfg = Debug|Any CPU
		{BB7FE07F-B7C6-491C-BCAF-8DCE378461F1}.Debug|Any CPU.Build.0 = Debug|Any CPU
		{BB7FE07F-B7C6-491C-BCAF-8DCE378461F1}.Debug|x64.ActiveCfg = Debug|Any CPU
		{BB7FE07F-B7C6-491C-BCAF-8DCE378461F1}.Debug|x64.Build.0 = Debug|Any CPU
		{BB7FE07F-B7C6-491C-BCAF-8DCE378461F1}.Debug|x86.ActiveCfg = Debug|Any CPU
		{BB7FE07F-B7C6-491C-BCAF-8DCE378461F1}.Debug|x86.Build.0 = Debug|Any CPU
		{BB7FE07F-B7C6-491C-BCAF-8DCE378461F1}.Release|Any CPU.ActiveCfg = Release|Any CPU
		{BB7FE07F-B7C6-491C-BCAF-8DCE378461F1}.Release|Any CPU.Build.0 = Release|Any CPU
		{BB7FE07F-B7C6-491C-BCAF-8DCE378461F1}.Release|x64.ActiveCfg = Release|Any CPU
		{BB7FE07F-B7C6-491C-BCAF-8DCE378461F1}.Release|x64.Build.0 = Release|Any CPU
		{BB7FE07F-B7C6-491C-BCAF-8DCE378461F1}.Release|x86.ActiveCfg = Release|Any CPU
		{BB7FE07F-B7C6-491C-BCAF-8DCE378461F1}.Release|x86.Build.0 = Release|Any CPU
		{B5C93475-6EA0-4B32-90B1-F5861226EC7C}.Debug|Any CPU.ActiveCfg = Debug|Any CPU
		{B5C93475-6EA0-4B32-90B1-F5861226EC7C}.Debug|Any CPU.Build.0 = Debug|Any CPU
		{B5C93475-6EA0-4B32-90B1-F5861226EC7C}.Debug|x64.ActiveCfg = Debug|Any CPU
		{B5C93475-6EA0-4B32-90B1-F5861226EC7C}.Debug|x64.Build.0 = Debug|Any CPU
		{B5C93475-6EA0-4B32-90B1-F5861226EC7C}.Debug|x86.ActiveCfg = Debug|Any CPU
		{B5C93475-6EA0-4B32-90B1-F5861226EC7C}.Debug|x86.Build.0 = Debug|Any CPU
		{B5C93475-6EA0-4B32-90B1-F5861226EC7C}.Release|Any CPU.ActiveCfg = Release|Any CPU
		{B5C93475-6EA0-4B32-90B1-F5861226EC7C}.Release|Any CPU.Build.0 = Release|Any CPU
		{B5C93475-6EA0-4B32-90B1-F5861226EC7C}.Release|x64.ActiveCfg = Release|Any CPU
		{B5C93475-6EA0-4B32-90B1-F5861226EC7C}.Release|x64.Build.0 = Release|Any CPU
		{B5C93475-6EA0-4B32-90B1-F5861226EC7C}.Release|x86.ActiveCfg = Release|Any CPU
		{B5C93475-6EA0-4B32-90B1-F5861226EC7C}.Release|x86.Build.0 = Release|Any CPU
		{C5C60765-30E7-4CC1-B707-E9441250EC6F}.Debug|Any CPU.ActiveCfg = Debug|Any CPU
		{C5C60765-30E7-4CC1-B707-E9441250EC6F}.Debug|Any CPU.Build.0 = Debug|Any CPU
		{C5C60765-30E7-4CC1-B707-E9441250EC6F}.Debug|x64.ActiveCfg = Debug|Any CPU
		{C5C60765-30E7-4CC1-B707-E9441250EC6F}.Debug|x64.Build.0 = Debug|Any CPU
		{C5C60765-30E7-4CC1-B707-E9441250EC6F}.Debug|x86.ActiveCfg = Debug|Any CPU
		{C5C60765-30E7-4CC1-B707-E9441250EC6F}.Debug|x86.Build.0 = Debug|Any CPU
		{C5C60765-30E7-4CC1-B707-E9441250EC6F}.Release|Any CPU.ActiveCfg = Release|Any CPU
		{C5C60765-30E7-4CC1-B707-E9441250EC6F}.Release|Any CPU.Build.0 = Release|Any CPU
		{C5C60765-30E7-4CC1-B707-E9441250EC6F}.Release|x64.ActiveCfg = Release|Any CPU
		{C5C60765-30E7-4CC1-B707-E9441250EC6F}.Release|x64.Build.0 = Release|Any CPU
		{C5C60765-30E7-4CC1-B707-E9441250EC6F}.Release|x86.ActiveCfg = Release|Any CPU
		{C5C60765-30E7-4CC1-B707-E9441250EC6F}.Release|x86.Build.0 = Release|Any CPU
		{F54314B7-D9CB-41E0-B7E5-4A02817B8CAA}.Debug|Any CPU.ActiveCfg = Debug|Any CPU
		{F54314B7-D9CB-41E0-B7E5-4A02817B8CAA}.Debug|Any CPU.Build.0 = Debug|Any CPU
		{F54314B7-D9CB-41E0-B7E5-4A02817B8CAA}.Debug|x64.ActiveCfg = Debug|Any CPU
		{F54314B7-D9CB-41E0-B7E5-4A02817B8CAA}.Debug|x64.Build.0 = Debug|Any CPU
		{F54314B7-D9CB-41E0-B7E5-4A02817B8CAA}.Debug|x86.ActiveCfg = Debug|Any CPU
		{F54314B7-D9CB-41E0-B7E5-4A02817B8CAA}.Debug|x86.Build.0 = Debug|Any CPU
		{F54314B7-D9CB-41E0-B7E5-4A02817B8CAA}.Release|Any CPU.ActiveCfg = Release|Any CPU
		{F54314B7-D9CB-41E0-B7E5-4A02817B8CAA}.Release|Any CPU.Build.0 = Release|Any CPU
		{F54314B7-D9CB-41E0-B7E5-4A02817B8CAA}.Release|x64.ActiveCfg = Release|Any CPU
		{F54314B7-D9CB-41E0-B7E5-4A02817B8CAA}.Release|x64.Build.0 = Release|Any CPU
		{F54314B7-D9CB-41E0-B7E5-4A02817B8CAA}.Release|x86.ActiveCfg = Release|Any CPU
		{F54314B7-D9CB-41E0-B7E5-4A02817B8CAA}.Release|x86.Build.0 = Release|Any CPU
		{3F43045A-D8A3-405B-9371-9C0061391B93}.Debug|Any CPU.ActiveCfg = Debug|Any CPU
		{3F43045A-D8A3-405B-9371-9C0061391B93}.Debug|Any CPU.Build.0 = Debug|Any CPU
		{3F43045A-D8A3-405B-9371-9C0061391B93}.Debug|x64.ActiveCfg = Debug|Any CPU
		{3F43045A-D8A3-405B-9371-9C0061391B93}.Debug|x64.Build.0 = Debug|Any CPU
		{3F43045A-D8A3-405B-9371-9C0061391B93}.Debug|x86.ActiveCfg = Debug|Any CPU
		{3F43045A-D8A3-405B-9371-9C0061391B93}.Debug|x86.Build.0 = Debug|Any CPU
		{3F43045A-D8A3-405B-9371-9C0061391B93}.Release|Any CPU.ActiveCfg = Release|Any CPU
		{3F43045A-D8A3-405B-9371-9C0061391B93}.Release|Any CPU.Build.0 = Release|Any CPU
		{3F43045A-D8A3-405B-9371-9C0061391B93}.Release|x64.ActiveCfg = Release|Any CPU
		{3F43045A-D8A3-405B-9371-9C0061391B93}.Release|x64.Build.0 = Release|Any CPU
		{3F43045A-D8A3-405B-9371-9C0061391B93}.Release|x86.ActiveCfg = Release|Any CPU
		{3F43045A-D8A3-405B-9371-9C0061391B93}.Release|x86.Build.0 = Release|Any CPU
	EndGlobalSection
	GlobalSection(NestedProjects) = preSolution
		{5380F710-0DA0-4197-9DD2-03255ABF0AB0} = {1777EA08-B672-42DB-8F5A-4C031326E2EF}
		{BB7FE07F-B7C6-491C-BCAF-8DCE378461F1} = {283E759A-3E1E-4A5F-B990-D24B966B6861}
		{B5C93475-6EA0-4B32-90B1-F5861226EC7C} = {1777EA08-B672-42DB-8F5A-4C031326E2EF}
		{C5C60765-30E7-4CC1-B707-E9441250EC6F} = {1777EA08-B672-42DB-8F5A-4C031326E2EF}
		{F54314B7-D9CB-41E0-B7E5-4A02817B8CAA} = {283E759A-3E1E-4A5F-B990-D24B966B6861}
		{3F43045A-D8A3-405B-9371-9C0061391B93} = {283E759A-3E1E-4A5F-B990-D24B966B6861}
	EndGlobalSection
EndGlobal
